
Microsoft Visual Studio Solution File, Format Version 12.00
# Visual Studio Version 17
VisualStudioVersion = 17.9.34728.123
MinimumVisualStudioVersion = 10.0.40219.1
Project("{9A19103F-16F7-4668-BE54-9A1E7A4F7556}") = "01_Task", "Task_1\01_Task.csproj", "{DCCB4BE1-4DF1-4CBC-8B64-7160B4F06793}"
EndProject
Project("{FAE04EC0-301F-11D3-BF4B-00C04F79EFBC}") = "02_Task", "Task_2\02_Task.csproj", "{069DC142-1E25-4C3F-9029-66FD21CE4347}"
EndProject
Project("{FAE04EC0-301F-11D3-BF4B-00C04F79EFBC}") = "03_Task", "Task_3\03_Task.csproj", "{9447E949-ABDA-4D3B-8E2A-A726E3E995F8}"
EndProject
Project("{FAE04EC0-301F-11D3-BF4B-00C04F79EFBC}") = "04_Task", "Task_4\04_Task.csproj", "{66EAAD63-2C9B-4338-A162-F28C032759F2}"
EndProject
Project("{FAE04EC0-301F-11D3-BF4B-00C04F79EFBC}") = "05_Task", "Task_5\05_Task.csproj", "{98532379-02E1-4E10-8552-E97D030D5DB4}"
EndProject
Project("{FAE04EC0-301F-11D3-BF4B-00C04F79EFBC}") = "06_Task", "Task_6\06_Task.csproj", "{99857415-C393-45E8-8667-A50B1A759D7E}"
EndProject
Project("{FAE04EC0-301F-11D3-BF4B-00C04F79EFBC}") = "07_Task", "Task_7\07_Task.csproj", "{4E4B96A3-0336-4285-B9AD-57354522A568}"
EndProject
Project("{FAE04EC0-301F-11D3-BF4B-00C04F79EFBC}") = "08_Task", "Task_8\08_Task.csproj", "{D60BE7EF-9122-44CD-8AA9-0FE1EE2D3F73}"
EndProject
Project("{FAE04EC0-301F-11D3-BF4B-00C04F79EFBC}") = "09_Task", "Task_9\09_Task.csproj", "{E3A5BD30-C152-4BDB-8DFB-119068026AA6}"
EndProject
Project("{FAE04EC0-301F-11D3-BF4B-00C04F79EFBC}") = "10_Task", "Task_10\10_Task.csproj", "{7590776C-AE03-474F-92EC-D2607BFA36ED}"
EndProject
Project("{FAE04EC0-301F-11D3-BF4B-00C04F79EFBC}") = "11_Task", "Task_11\11_Task.csproj", "{E5E49B9D-A93D-4162-BF09-A5B453C0496C}"
EndProject
Global
	GlobalSection(SolutionConfigurationPlatforms) = preSolution
		Debug|Any CPU = Debug|Any CPU
		Release|Any CPU = Release|Any CPU
	EndGlobalSection
	GlobalSection(ProjectConfigurationPlatforms) = postSolution
		{DCCB4BE1-4DF1-4CBC-8B64-7160B4F06793}.Debug|Any CPU.ActiveCfg = Debug|Any CPU
		{DCCB4BE1-4DF1-4CBC-8B64-7160B4F06793}.Debug|Any CPU.Build.0 = Debug|Any CPU
		{DCCB4BE1-4DF1-4CBC-8B64-7160B4F06793}.Release|Any CPU.ActiveCfg = Release|Any CPU
		{DCCB4BE1-4DF1-4CBC-8B64-7160B4F06793}.Release|Any CPU.Build.0 = Release|Any CPU
		{069DC142-1E25-4C3F-9029-66FD21CE4347}.Debug|Any CPU.ActiveCfg = Debug|Any CPU
		{069DC142-1E25-4C3F-9029-66FD21CE4347}.Debug|Any CPU.Build.0 = Debug|Any CPU
		{069DC142-1E25-4C3F-9029-66FD21CE4347}.Release|Any CPU.ActiveCfg = Release|Any CPU
		{069DC142-1E25-4C3F-9029-66FD21CE4347}.Release|Any CPU.Build.0 = Release|Any CPU
		{9447E949-ABDA-4D3B-8E2A-A726E3E995F8}.Debug|Any CPU.ActiveCfg = Debug|Any CPU
		{9447E949-ABDA-4D3B-8E2A-A726E3E995F8}.Debug|Any CPU.Build.0 = Debug|Any CPU
		{9447E949-ABDA-4D3B-8E2A-A726E3E995F8}.Release|Any CPU.ActiveCfg = Release|Any CPU
		{9447E949-ABDA-4D3B-8E2A-A726E3E995F8}.Release|Any CPU.Build.0 = Release|Any CPU
		{66EAAD63-2C9B-4338-A162-F28C032759F2}.Debug|Any CPU.ActiveCfg = Debug|Any CPU
		{66EAAD63-2C9B-4338-A162-F28C032759F2}.Debug|Any CPU.Build.0 = Debug|Any CPU
		{66EAAD63-2C9B-4338-A162-F28C032759F2}.Release|Any CPU.ActiveCfg = Release|Any CPU
		{66EAAD63-2C9B-4338-A162-F28C032759F2}.Release|Any CPU.Build.0 = Release|Any CPU
		{98532379-02E1-4E10-8552-E97D030D5DB4}.Debug|Any CPU.ActiveCfg = Debug|Any CPU
		{98532379-02E1-4E10-8552-E97D030D5DB4}.Debug|Any CPU.Build.0 = Debug|Any CPU
		{98532379-02E1-4E10-8552-E97D030D5DB4}.Release|Any CPU.ActiveCfg = Release|Any CPU
		{98532379-02E1-4E10-8552-E97D030D5DB4}.Release|Any CPU.Build.0 = Release|Any CPU
		{99857415-C393-45E8-8667-A50B1A759D7E}.Debug|Any CPU.ActiveCfg = Debug|Any CPU
		{99857415-C393-45E8-8667-A50B1A759D7E}.Debug|Any CPU.Build.0 = Debug|Any CPU
		{99857415-C393-45E8-8667-A50B1A759D7E}.Release|Any CPU.ActiveCfg = Release|Any CPU
		{99857415-C393-45E8-8667-A50B1A759D7E}.Release|Any CPU.Build.0 = Release|Any CPU
		{4E4B96A3-0336-4285-B9AD-57354522A568}.Debug|Any CPU.ActiveCfg = Debug|Any CPU
		{4E4B96A3-0336-4285-B9AD-57354522A568}.Debug|Any CPU.Build.0 = Debug|Any CPU
		{4E4B96A3-0336-4285-B9AD-57354522A568}.Release|Any CPU.ActiveCfg = Release|Any CPU
		{4E4B96A3-0336-4285-B9AD-57354522A568}.Release|Any CPU.Build.0 = Release|Any CPU
		{D60BE7EF-9122-44CD-8AA9-0FE1EE2D3F73}.Debug|Any CPU.ActiveCfg = Debug|Any CPU
		{D60BE7EF-9122-44CD-8AA9-0FE1EE2D3F73}.Debug|Any CPU.Build.0 = Debug|Any CPU
		{D60BE7EF-9122-44CD-8AA9-0FE1EE2D3F73}.Release|Any CPU.ActiveCfg = Release|Any CPU
		{D60BE7EF-9122-44CD-8AA9-0FE1EE2D3F73}.Release|Any CPU.Build.0 = Release|Any CPU
		{E3A5BD30-C152-4BDB-8DFB-119068026AA6}.Debug|Any CPU.ActiveCfg = Debug|Any CPU
		{E3A5BD30-C152-4BDB-8DFB-119068026AA6}.Debug|Any CPU.Build.0 = Debug|Any CPU
		{E3A5BD30-C152-4BDB-8DFB-119068026AA6}.Release|Any CPU.ActiveCfg = Release|Any CPU
		{E3A5BD30-C152-4BDB-8DFB-119068026AA6}.Release|Any CPU.Build.0 = Release|Any CPU
		{7590776C-AE03-474F-92EC-D2607BFA36ED}.Debug|Any CPU.ActiveCfg = Debug|Any CPU
		{7590776C-AE03-474F-92EC-D2607BFA36ED}.Debug|Any CPU.Build.0 = Debug|Any CPU
		{7590776C-AE03-474F-92EC-D2607BFA36ED}.Release|Any CPU.ActiveCfg = Release|Any CPU
		{7590776C-AE03-474F-92EC-D2607BFA36ED}.Release|Any CPU.Build.0 = Release|Any CPU
		{E5E49B9D-A93D-4162-BF09-A5B453C0496C}.Debug|Any CPU.ActiveCfg = Debug|Any CPU
		{E5E49B9D-A93D-4162-BF09-A5B453C0496C}.Debug|Any CPU.Build.0 = Debug|Any CPU
		{E5E49B9D-A93D-4162-BF09-A5B453C0496C}.Release|Any CPU.ActiveCfg = Release|Any CPU
		{E5E49B9D-A93D-4162-BF09-A5B453C0496C}.Release|Any CPU.Build.0 = Release|Any CPU
	EndGlobalSection
	GlobalSection(SolutionProperties) = preSolution
		HideSolutionNode = FALSE
	EndGlobalSection
	GlobalSection(ExtensibilityGlobals) = postSolution
		SolutionGuid = {6B7335C0-BCB6-4587-994C-5A1BFC59FD92}
	EndGlobalSection
EndGlobal
