
Microsoft Visual Studio Solution File, Format Version 12.00
# Visual Studio Version 17
VisualStudioVersion = 17.9.34728.123
MinimumVisualStudioVersion = 10.0.40219.1
Project("{9A19103F-16F7-4668-BE54-9A1E7A4F7556}") = "Task_1", "Task_1\Task_1.csproj", "{DCCB4BE1-4DF1-4CBC-8B64-7160B4F06793}"
EndProject
Project("{FAE04EC0-301F-11D3-BF4B-00C04F79EFBC}") = "Task_2", "Task_2\Task_2.csproj", "{069DC142-1E25-4C3F-9029-66FD21CE4347}"
EndProject
Project("{FAE04EC0-301F-11D3-BF4B-00C04F79EFBC}") = "Task_3", "Task_3\Task_3.csproj", "{9447E949-ABDA-4D3B-8E2A-A726E3E995F8}"
EndProject
Project("{FAE04EC0-301F-11D3-BF4B-00C04F79EFBC}") = "Task_4", "Task_4\Task_4.csproj", "{66EAAD63-2C9B-4338-A162-F28C032759F2}"
EndProject
Global
	GlobalSection(SolutionConfigurationPlatforms) = preSolution
		Debug|Any CPU = Debug|Any CPU
		Release|Any CPU = Release|Any CPU
	EndGlobalSection
	GlobalSection(ProjectConfigurationPlatforms) = postSolution
		{DCCB4BE1-4DF1-4CBC-8B64-7160B4F06793}.Debug|Any CPU.ActiveCfg = Debug|Any CPU
		{DCCB4BE1-4DF1-4CBC-8B64-7160B4F06793}.Debug|Any CPU.Build.0 = Debug|Any CPU
		{DCCB4BE1-4DF1-4CBC-8B64-7160B4F06793}.Release|Any CPU.ActiveCfg = Release|Any CPU
		{DCCB4BE1-4DF1-4CBC-8B64-7160B4F06793}.Release|Any CPU.Build.0 = Release|Any CPU
		{069DC142-1E25-4C3F-9029-66FD21CE4347}.Debug|Any CPU.ActiveCfg = Debug|Any CPU
		{069DC142-1E25-4C3F-9029-66FD21CE4347}.Debug|Any CPU.Build.0 = Debug|Any CPU
		{069DC142-1E25-4C3F-9029-66FD21CE4347}.Release|Any CPU.ActiveCfg = Release|Any CPU
		{069DC142-1E25-4C3F-9029-66FD21CE4347}.Release|Any CPU.Build.0 = Release|Any CPU
		{9447E949-ABDA-4D3B-8E2A-A726E3E995F8}.Debug|Any CPU.ActiveCfg = Debug|Any CPU
		{9447E949-ABDA-4D3B-8E2A-A726E3E995F8}.Debug|Any CPU.Build.0 = Debug|Any CPU
		{9447E949-ABDA-4D3B-8E2A-A726E3E995F8}.Release|Any CPU.ActiveCfg = Release|Any CPU
		{9447E949-ABDA-4D3B-8E2A-A726E3E995F8}.Release|Any CPU.Build.0 = Release|Any CPU
		{66EAAD63-2C9B-4338-A162-F28C032759F2}.Debug|Any CPU.ActiveCfg = Debug|Any CPU
		{66EAAD63-2C9B-4338-A162-F28C032759F2}.Debug|Any CPU.Build.0 = Debug|Any CPU
		{66EAAD63-2C9B-4338-A162-F28C032759F2}.Release|Any CPU.ActiveCfg = Release|Any CPU
		{66EAAD63-2C9B-4338-A162-F28C032759F2}.Release|Any CPU.Build.0 = Release|Any CPU
	EndGlobalSection
	GlobalSection(SolutionProperties) = preSolution
		HideSolutionNode = FALSE
	EndGlobalSection
	GlobalSection(ExtensibilityGlobals) = postSolution
		SolutionGuid = {6B7335C0-BCB6-4587-994C-5A1BFC59FD92}
	EndGlobalSection
EndGlobal
